# Code generated by scarb DO NOT EDIT.
version = 1

[[package]]
name = "dojo"
version = "1.5.0"
source = "git+https://github.com/dojoengine/dojo?rev=a65b0637e10879397feafb3295293e20def3b2a1#a65b0637e10879397feafb3295293e20def3b2a1"
dependencies = [
 "dojo_macros",
]

[[package]]
name = "dojo_macros"
version = "1.6.0"
source = "git+https://github.com/dojoengine/dojo?rev=a65b0637e10879397feafb3295293e20def3b2a1#a65b0637e10879397feafb3295293e20def3b2a1"

[[package]]
name = "dojo_store_example"
version = "1.6.0"
dependencies = [
 "dojo",
 "dojo_macros",
]
